
Microsoft Visual Studio Solution File, Format Version 12.00
# Visual Studio Version 17
VisualStudioVersion = 17.5.33502.453
MinimumVisualStudioVersion = 10.0.40219.1
Project("{FAE04EC0-301F-11D3-BF4B-00C04F79EFBC}") = "Experiment01", "Experiment01\Experiment01.csproj", "{FF5D782C-6EF7-413E-B7CE-F1D418C88992}"
EndProject
Global
	GlobalSection(SolutionConfigurationPlatforms) = preSolution
		Debug|Any CPU = Debug|Any CPU
		Release|Any CPU = Release|Any CPU
	EndGlobalSection
	GlobalSection(ProjectConfigurationPlatforms) = postSolution
		{FF5D782C-6EF7-413E-B7CE-F1D418C88992}.Debug|Any CPU.ActiveCfg = Debug|Any CPU
		{FF5D782C-6EF7-413E-B7CE-F1D418C88992}.Debug|Any CPU.Build.0 = Debug|Any CPU
		{FF5D782C-6EF7-413E-B7CE-F1D418C88992}.Release|Any CPU.ActiveCfg = Release|Any CPU
		{FF5D782C-6EF7-413E-B7CE-F1D418C88992}.Release|Any CPU.Build.0 = Release|Any CPU
	EndGlobalSection
	GlobalSection(SolutionProperties) = preSolution
		HideSolutionNode = FALSE
	EndGlobalSection
	GlobalSection(ExtensibilityGlobals) = postSolution
		SolutionGuid = {FF4AB035-4BD1-409F-99A6-27B95D9BECFE}
	EndGlobalSection
EndGlobal
